// !$*UTF8*$!
{
	archiveVersion = 1;
	classes = {
	};
	objectVersion = 55;
	objects = {

/* Begin PBXBuildFile section */
		ADD569B5288EF0F1005627C7 /* AppDelegate.swift in Sources */ = {isa = PBXBuildFile; fileRef = ADD569B4288EF0F1005627C7 /* AppDelegate.swift */; };
		ADD569B7288EF0F1005627C7 /* SceneDelegate.swift in Sources */ = {isa = PBXBuildFile; fileRef = ADD569B6288EF0F1005627C7 /* SceneDelegate.swift */; };
		ADD569B9288EF0F1005627C7 /* ViewController.swift in Sources */ = {isa = PBXBuildFile; fileRef = ADD569B8288EF0F1005627C7 /* ViewController.swift */; };
		ADD569BC288EF0F1005627C7 /* Main.storyboard in Resources */ = {isa = PBXBuildFile; fileRef = ADD569BA288EF0F1005627C7 /* Main.storyboard */; };
		ADD569BE288EF0F2005627C7 /* Assets.xcassets in Resources */ = {isa = PBXBuildFile; fileRef = ADD569BD288EF0F2005627C7 /* Assets.xcassets */; };
		ADD569C1288EF0F2005627C7 /* LaunchScreen.storyboard in Resources */ = {isa = PBXBuildFile; fileRef = ADD569BF288EF0F2005627C7 /* LaunchScreen.storyboard */; };
		ADD569D2288F0379005627C7 /* RestClient.swift in Sources */ = {isa = PBXBuildFile; fileRef = ADD569D1288F0379005627C7 /* RestClient.swift */; };
		ADD569D5288F03D8005627C7 /* Endpoint.swift in Sources */ = {isa = PBXBuildFile; fileRef = ADD569D4288F03D8005627C7 /* Endpoint.swift */; };
		ADD569D7288F03F9005627C7 /* EndpointClient.swift in Sources */ = {isa = PBXBuildFile; fileRef = ADD569D6288F03F9005627C7 /* EndpointClient.swift */; };
		ADD569D9288F2EC3005627C7 /* Server Error.swift in Sources */ = {isa = PBXBuildFile; fileRef = ADD569D8288F2EC3005627C7 /* Server Error.swift */; };
		ADD569DB288F3044005627C7 /* EndPointClientError.swift in Sources */ = {isa = PBXBuildFile; fileRef = ADD569DA288F3044005627C7 /* EndPointClientError.swift */; };
/* End PBXBuildFile section */

/* Begin PBXFileReference section */
		ADD569B1288EF0F1005627C7 /* HW23.app */ = {isa = PBXFileReference; explicitFileType = wrapper.application; includeInIndex = 0; path = HW23.app; sourceTree = BUILT_PRODUCTS_DIR; };
		ADD569B4288EF0F1005627C7 /* AppDelegate.swift */ = {isa = PBXFileReference; lastKnownFileType = sourcecode.swift; path = AppDelegate.swift; sourceTree = "<group>"; };
		ADD569B6288EF0F1005627C7 /* SceneDelegate.swift */ = {isa = PBXFileReference; lastKnownFileType = sourcecode.swift; path = SceneDelegate.swift; sourceTree = "<group>"; };
		ADD569B8288EF0F1005627C7 /* ViewController.swift */ = {isa = PBXFileReference; lastKnownFileType = sourcecode.swift; path = ViewController.swift; sourceTree = "<group>"; };
		ADD569BB288EF0F1005627C7 /* Base */ = {isa = PBXFileReference; lastKnownFileType = file.storyboard; name = Base; path = Base.lproj/Main.storyboard; sourceTree = "<group>"; };
		ADD569BD288EF0F2005627C7 /* Assets.xcassets */ = {isa = PBXFileReference; lastKnownFileType = folder.assetcatalog; path = Assets.xcassets; sourceTree = "<group>"; };
		ADD569C0288EF0F2005627C7 /* Base */ = {isa = PBXFileReference; lastKnownFileType = file.storyboard; name = Base; path = Base.lproj/LaunchScreen.storyboard; sourceTree = "<group>"; };
		ADD569C2288EF0F2005627C7 /* Info.plist */ = {isa = PBXFileReference; lastKnownFileType = text.plist.xml; path = Info.plist; sourceTree = "<group>"; };
		ADD569D1288F0379005627C7 /* RestClient.swift */ = {isa = PBXFileReference; lastKnownFileType = sourcecode.swift; path = RestClient.swift; sourceTree = "<group>"; };
		ADD569D4288F03D8005627C7 /* Endpoint.swift */ = {isa = PBXFileReference; lastKnownFileType = sourcecode.swift; path = Endpoint.swift; sourceTree = "<group>"; };
		ADD569D6288F03F9005627C7 /* EndpointClient.swift */ = {isa = PBXFileReference; lastKnownFileType = sourcecode.swift; path = EndpointClient.swift; sourceTree = "<group>"; };
		ADD569D8288F2EC3005627C7 /* Server Error.swift */ = {isa = PBXFileReference; lastKnownFileType = sourcecode.swift; path = "Server Error.swift"; sourceTree = "<group>"; };
		ADD569DA288F3044005627C7 /* EndPointClientError.swift */ = {isa = PBXFileReference; lastKnownFileType = sourcecode.swift; path = EndPointClientError.swift; sourceTree = "<group>"; };
/* End PBXFileReference section */

/* Begin PBXFrameworksBuildPhase section */
		ADD569AE288EF0F1005627C7 /* Frameworks */ = {
			isa = PBXFrameworksBuildPhase;
			buildActionMask = 2147483647;
			files = (
			);
			runOnlyForDeploymentPostprocessing = 0;
		};
/* End PBXFrameworksBuildPhase section */

/* Begin PBXGroup section */
		ADD569A8288EF0F1005627C7 = {
			isa = PBXGroup;
			children = (
				ADD569B3288EF0F1005627C7 /* HW23 */,
				ADD569B2288EF0F1005627C7 /* Products */,
			);
			sourceTree = "<group>";
		};
		ADD569B2288EF0F1005627C7 /* Products */ = {
			isa = PBXGroup;
			children = (
				ADD569B1288EF0F1005627C7 /* HW23.app */,
			);
			name = Products;
			sourceTree = "<group>";
		};
		ADD569B3288EF0F1005627C7 /* HW23 */ = {
			isa = PBXGroup;
			children = (
				ADD569C2288EF0F2005627C7 /* Info.plist */,
				ADD569C9288F01C3005627C7 /* Source */,
				ADD569CA288F01F3005627C7 /* View */,
				ADD569CB288F01FF005627C7 /* Resouces */,
				ADD569CC288F0210005627C7 /* Config */,
			);
			path = HW23;
			sourceTree = "<group>";
		};
		ADD569C8288F01B4005627C7 /* App */ = {
			isa = PBXGroup;
			children = (
				ADD569B6288EF0F1005627C7 /* SceneDelegate.swift */,
				ADD569B4288EF0F1005627C7 /* AppDelegate.swift */,
			);
			path = App;
			sourceTree = "<group>";
		};
		ADD569C9288F01C3005627C7 /* Source */ = {
			isa = PBXGroup;
			children = (
				ADD569C8288F01B4005627C7 /* App */,
			);
			path = Source;
			sourceTree = "<group>";
		};
		ADD569CA288F01F3005627C7 /* View */ = {
			isa = PBXGroup;
			children = (
				ADD569B8288EF0F1005627C7 /* ViewController.swift */,
			);
			path = View;
			sourceTree = "<group>";
		};
		ADD569CB288F01FF005627C7 /* Resouces */ = {
			isa = PBXGroup;
			children = (
				ADD569CD288F0223005627C7 /* Storyboards */,
				ADD569D3288F03B9005627C7 /* Network */,
			);
			path = Resouces;
			sourceTree = "<group>";
		};
		ADD569CC288F0210005627C7 /* Config */ = {
			isa = PBXGroup;
			children = (
				ADD569BD288EF0F2005627C7 /* Assets.xcassets */,
			);
			path = Config;
			sourceTree = "<group>";
		};
		ADD569CD288F0223005627C7 /* Storyboards */ = {
			isa = PBXGroup;
			children = (
				ADD569BA288EF0F1005627C7 /* Main.storyboard */,
				ADD569BF288EF0F2005627C7 /* LaunchScreen.storyboard */,
			);
			path = Storyboards;
			sourceTree = "<group>";
		};
		ADD569D3288F03B9005627C7 /* Network */ = {
			isa = PBXGroup;
			children = (
				ADD569D1288F0379005627C7 /* RestClient.swift */,
				ADD569D4288F03D8005627C7 /* Endpoint.swift */,
				ADD569D6288F03F9005627C7 /* EndpointClient.swift */,
				ADD569DA288F3044005627C7 /* EndPointClientError.swift */,
				ADD569D8288F2EC3005627C7 /* Server Error.swift */,
			);
			path = Network;
			sourceTree = "<group>";
		};
/* End PBXGroup section */

/* Begin PBXNativeTarget section */
		ADD569B0288EF0F1005627C7 /* HW23 */ = {
			isa = PBXNativeTarget;
			buildConfigurationList = ADD569C5288EF0F2005627C7 /* Build configuration list for PBXNativeTarget "HW23" */;
			buildPhases = (
				ADD569AD288EF0F1005627C7 /* Sources */,
				ADD569AE288EF0F1005627C7 /* Frameworks */,
				ADD569AF288EF0F1005627C7 /* Resources */,
			);
			buildRules = (
			);
			dependencies = (
			);
			name = HW23;
			productName = HW23;
			productReference = ADD569B1288EF0F1005627C7 /* HW23.app */;
			productType = "com.apple.product-type.application";
		};
/* End PBXNativeTarget section */

/* Begin PBXProject section */
		ADD569A9288EF0F1005627C7 /* Project object */ = {
			isa = PBXProject;
			attributes = {
				BuildIndependentTargetsInParallel = 1;
				LastSwiftUpdateCheck = 1340;
				LastUpgradeCheck = 1340;
				TargetAttributes = {
					ADD569B0288EF0F1005627C7 = {
						CreatedOnToolsVersion = 13.4;
					};
				};
			};
			buildConfigurationList = ADD569AC288EF0F1005627C7 /* Build configuration list for PBXProject "HW23" */;
			compatibilityVersion = "Xcode 13.0";
			developmentRegion = en;
			hasScannedForEncodings = 0;
			knownRegions = (
				en,
				Base,
			);
			mainGroup = ADD569A8288EF0F1005627C7;
			productRefGroup = ADD569B2288EF0F1005627C7 /* Products */;
			projectDirPath = "";
			projectRoot = "";
			targets = (
				ADD569B0288EF0F1005627C7 /* HW23 */,
			);
		};
/* End PBXProject section */

/* Begin PBXResourcesBuildPhase section */
		ADD569AF288EF0F1005627C7 /* Resources */ = {
			isa = PBXResourcesBuildPhase;
			buildActionMask = 2147483647;
			files = (
				ADD569C1288EF0F2005627C7 /* LaunchScreen.storyboard in Resources */,
				ADD569BE288EF0F2005627C7 /* Assets.xcassets in Resources */,
				ADD569BC288EF0F1005627C7 /* Main.storyboard in Resources */,
			);
			runOnlyForDeploymentPostprocessing = 0;
		};
/* End PBXResourcesBuildPhase section */

/* Begin PBXSourcesBuildPhase section */
		ADD569AD288EF0F1005627C7 /* Sources */ = {
			isa = PBXSourcesBuildPhase;
			buildActionMask = 2147483647;
			files = (
				ADD569B9288EF0F1005627C7 /* ViewController.swift in Sources */,
				ADD569B5288EF0F1005627C7 /* AppDelegate.swift in Sources */,
				ADD569B7288EF0F1005627C7 /* SceneDelegate.swift in Sources */,
				ADD569D7288F03F9005627C7 /* EndpointClient.swift in Sources */,
				ADD569D2288F0379005627C7 /* RestClient.swift in Sources */,
				ADD569DB288F3044005627C7 /* EndPointClientError.swift in Sources */,
				ADD569D5288F03D8005627C7 /* Endpoint.swift in Sources */,
				ADD569D9288F2EC3005627C7 /* Server Error.swift in Sources */,
			);
			runOnlyForDeploymentPostprocessing = 0;
		};
/* End PBXSourcesBuildPhase section */

/* Begin PBXVariantGroup section */
		ADD569BA288EF0F1005627C7 /* Main.storyboard */ = {
			isa = PBXVariantGroup;
			children = (
				ADD569BB288EF0F1005627C7 /* Base */,
			);
			name = Main.storyboard;
			sourceTree = "<group>";
		};
		ADD569BF288EF0F2005627C7 /* LaunchScreen.storyboard */ = {
			isa = PBXVariantGroup;
			children = (
				ADD569C0288EF0F2005627C7 /* Base */,
			);
			name = LaunchScreen.storyboard;
			sourceTree = "<group>";
		};
/* End PBXVariantGroup section */

/* Begin XCBuildConfiguration section */
		ADD569C3288EF0F2005627C7 /* Debug */ = {
			isa = XCBuildConfiguration;
			buildSettings = {
				ALWAYS_SEARCH_USER_PATHS = NO;
				CLANG_ANALYZER_NONNULL = YES;
				CLANG_ANALYZER_NUMBER_OBJECT_CONVERSION = YES_AGGRESSIVE;
				CLANG_CXX_LANGUAGE_STANDARD = "gnu++17";
				CLANG_ENABLE_MODULES = YES;
				CLANG_ENABLE_OBJC_ARC = YES;
				CLANG_ENABLE_OBJC_WEAK = YES;
				CLANG_WARN_BLOCK_CAPTURE_AUTORELEASING = YES;
				CLANG_WARN_BOOL_CONVERSION = YES;
				CLANG_WARN_COMMA = YES;
				CLANG_WARN_CONSTANT_CONVERSION = YES;
				CLANG_WARN_DEPRECATED_OBJC_IMPLEMENTATIONS = YES;
				CLANG_WARN_DIRECT_OBJC_ISA_USAGE = YES_ERROR;
				CLANG_WARN_DOCUMENTATION_COMMENTS = YES;
				CLANG_WARN_EMPTY_BODY = YES;
				CLANG_WARN_ENUM_CONVERSION = YES;
				CLANG_WARN_INFINITE_RECURSION = YES;
				CLANG_WARN_INT_CONVERSION = YES;
				CLANG_WARN_NON_LITERAL_NULL_CONVERSION = YES;
				CLANG_WARN_OBJC_IMPLICIT_RETAIN_SELF = YES;
				CLANG_WARN_OBJC_LITERAL_CONVERSION = YES;
				CLANG_WARN_OBJC_ROOT_CLASS = YES_ERROR;
				CLANG_WARN_QUOTED_INCLUDE_IN_FRAMEWORK_HEADER = YES;
				CLANG_WARN_RANGE_LOOP_ANALYSIS = YES;
				CLANG_WARN_STRICT_PROTOTYPES = YES;
				CLANG_WARN_SUSPICIOUS_MOVE = YES;
				CLANG_WARN_UNGUARDED_AVAILABILITY = YES_AGGRESSIVE;
				CLANG_WARN_UNREACHABLE_CODE = YES;
				CLANG_WARN__DUPLICATE_METHOD_MATCH = YES;
				COPY_PHASE_STRIP = NO;
				DEBUG_INFORMATION_FORMAT = dwarf;
				ENABLE_STRICT_OBJC_MSGSEND = YES;
				ENABLE_TESTABILITY = YES;
				GCC_C_LANGUAGE_STANDARD = gnu11;
				GCC_DYNAMIC_NO_PIC = NO;
				GCC_NO_COMMON_BLOCKS = YES;
				GCC_OPTIMIZATION_LEVEL = 0;
				GCC_PREPROCESSOR_DEFINITIONS = (
					"DEBUG=1",
					"$(inherited)",
				);
				GCC_WARN_64_TO_32_BIT_CONVERSION = YES;
				GCC_WARN_ABOUT_RETURN_TYPE = YES_ERROR;
				GCC_WARN_UNDECLARED_SELECTOR = YES;
				GCC_WARN_UNINITIALIZED_AUTOS = YES_AGGRESSIVE;
				GCC_WARN_UNUSED_FUNCTION = YES;
				GCC_WARN_UNUSED_VARIABLE = YES;
				IPHONEOS_DEPLOYMENT_TARGET = 15.5;
				MTL_ENABLE_DEBUG_INFO = INCLUDE_SOURCE;
				MTL_FAST_MATH = YES;
				ONLY_ACTIVE_ARCH = YES;
				SDKROOT = iphoneos;
				SWIFT_ACTIVE_COMPILATION_CONDITIONS = DEBUG;
				SWIFT_OPTIMIZATION_LEVEL = "-Onone";
			};
			name = Debug;
		};
		ADD569C4288EF0F2005627C7 /* Release */ = {
			isa = XCBuildConfiguration;
			buildSettings = {
				ALWAYS_SEARCH_USER_PATHS = NO;
				CLANG_ANALYZER_NONNULL = YES;
				CLANG_ANALYZER_NUMBER_OBJECT_CONVERSION = YES_AGGRESSIVE;
				CLANG_CXX_LANGUAGE_STANDARD = "gnu++17";
				CLANG_ENABLE_MODULES = YES;
				CLANG_ENABLE_OBJC_ARC = YES;
				CLANG_ENABLE_OBJC_WEAK = YES;
				CLANG_WARN_BLOCK_CAPTURE_AUTORELEASING = YES;
				CLANG_WARN_BOOL_CONVERSION = YES;
				CLANG_WARN_COMMA = YES;
				CLANG_WARN_CONSTANT_CONVERSION = YES;
				CLANG_WARN_DEPRECATED_OBJC_IMPLEMENTATIONS = YES;
				CLANG_WARN_DIRECT_OBJC_ISA_USAGE = YES_ERROR;
				CLANG_WARN_DOCUMENTATION_COMMENTS = YES;
				CLANG_WARN_EMPTY_BODY = YES;
				CLANG_WARN_ENUM_CONVERSION = YES;
				CLANG_WARN_INFINITE_RECURSION = YES;
				CLANG_WARN_INT_CONVERSION = YES;
				CLANG_WARN_NON_LITERAL_NULL_CONVERSION = YES;
				CLANG_WARN_OBJC_IMPLICIT_RETAIN_SELF = YES;
				CLANG_WARN_OBJC_LITERAL_CONVERSION = YES;
				CLANG_WARN_OBJC_ROOT_CLASS = YES_ERROR;
				CLANG_WARN_QUOTED_INCLUDE_IN_FRAMEWORK_HEADER = YES;
				CLANG_WARN_RANGE_LOOP_ANALYSIS = YES;
				CLANG_WARN_STRICT_PROTOTYPES = YES;
				CLANG_WARN_SUSPICIOUS_MOVE = YES;
				CLANG_WARN_UNGUARDED_AVAILABILITY = YES_AGGRESSIVE;
				CLANG_WARN_UNREACHABLE_CODE = YES;
				CLANG_WARN__DUPLICATE_METHOD_MATCH = YES;
				COPY_PHASE_STRIP = NO;
				DEBUG_INFORMATION_FORMAT = "dwarf-with-dsym";
				ENABLE_NS_ASSERTIONS = NO;
				ENABLE_STRICT_OBJC_MSGSEND = YES;
				GCC_C_LANGUAGE_STANDARD = gnu11;
				GCC_NO_COMMON_BLOCKS = YES;
				GCC_WARN_64_TO_32_BIT_CONVERSION = YES;
				GCC_WARN_ABOUT_RETURN_TYPE = YES_ERROR;
				GCC_WARN_UNDECLARED_SELECTOR = YES;
				GCC_WARN_UNINITIALIZED_AUTOS = YES_AGGRESSIVE;
				GCC_WARN_UNUSED_FUNCTION = YES;
				GCC_WARN_UNUSED_VARIABLE = YES;
				IPHONEOS_DEPLOYMENT_TARGET = 15.5;
				MTL_ENABLE_DEBUG_INFO = NO;
				MTL_FAST_MATH = YES;
				SDKROOT = iphoneos;
				SWIFT_COMPILATION_MODE = wholemodule;
				SWIFT_OPTIMIZATION_LEVEL = "-O";
				VALIDATE_PRODUCT = YES;
			};
			name = Release;
		};
		ADD569C6288EF0F2005627C7 /* Debug */ = {
			isa = XCBuildConfiguration;
			buildSettings = {
				ASSETCATALOG_COMPILER_APPICON_NAME = AppIcon;
				ASSETCATALOG_COMPILER_GLOBAL_ACCENT_COLOR_NAME = AccentColor;
				CODE_SIGN_STYLE = Automatic;
				CURRENT_PROJECT_VERSION = 1;
				DEVELOPMENT_TEAM = GSYLUH8A73;
				GENERATE_INFOPLIST_FILE = YES;
				INFOPLIST_FILE = HW23/Info.plist;
				INFOPLIST_KEY_UIApplicationSupportsIndirectInputEvents = YES;
				INFOPLIST_KEY_UILaunchStoryboardName = LaunchScreen;
				INFOPLIST_KEY_UIMainStoryboardFile = Main;
				INFOPLIST_KEY_UISupportedInterfaceOrientations_iPad = "UIInterfaceOrientationPortrait UIInterfaceOrientationPortraitUpsideDown UIInterfaceOrientationLandscapeLeft UIInterfaceOrientationLandscapeRight";
				INFOPLIST_KEY_UISupportedInterfaceOrientations_iPhone = "UIInterfaceOrientationPortrait UIInterfaceOrientationLandscapeLeft UIInterfaceOrientationLandscapeRight";
				LD_RUNPATH_SEARCH_PATHS = (
					"$(inherited)",
					"@executable_path/Frameworks",
				);
				MARKETING_VERSION = 1.0;
				PRODUCT_BUNDLE_IDENTIFIER = com.evgenymakulov.HW23;
				PRODUCT_NAME = "$(TARGET_NAME)";
				SWIFT_EMIT_LOC_STRINGS = YES;
				SWIFT_VERSION = 5.0;
				TARGETED_DEVICE_FAMILY = "1,2";
			};
			name = Debug;
		};
		ADD569C7288EF0F2005627C7 /* Release */ = {
			isa = XCBuildConfiguration;
			buildSettings = {
				ASSETCATALOG_COMPILER_APPICON_NAME = AppIcon;
				ASSETCATALOG_COMPILER_GLOBAL_ACCENT_COLOR_NAME = AccentColor;
				CODE_SIGN_STYLE = Automatic;
				CURRENT_PROJECT_VERSION = 1;
				DEVELOPMENT_TEAM = GSYLUH8A73;
				GENERATE_INFOPLIST_FILE = YES;
				INFOPLIST_FILE = HW23/Info.plist;
				INFOPLIST_KEY_UIApplicationSupportsIndirectInputEvents = YES;
				INFOPLIST_KEY_UILaunchStoryboardName = LaunchScreen;
				INFOPLIST_KEY_UIMainStoryboardFile = Main;
				INFOPLIST_KEY_UISupportedInterfaceOrientations_iPad = "UIInterfaceOrientationPortrait UIInterfaceOrientationPortraitUpsideDown UIInterfaceOrientationLandscapeLeft UIInterfaceOrientationLandscapeRight";
				INFOPLIST_KEY_UISupportedInterfaceOrientations_iPhone = "UIInterfaceOrientationPortrait UIInterfaceOrientationLandscapeLeft UIInterfaceOrientationLandscapeRight";
				LD_RUNPATH_SEARCH_PATHS = (
					"$(inherited)",
					"@executable_path/Frameworks",
				);
				MARKETING_VERSION = 1.0;
				PRODUCT_BUNDLE_IDENTIFIER = com.evgenymakulov.HW23;
				PRODUCT_NAME = "$(TARGET_NAME)";
				SWIFT_EMIT_LOC_STRINGS = YES;
				SWIFT_VERSION = 5.0;
				TARGETED_DEVICE_FAMILY = "1,2";
			};
			name = Release;
		};
/* End XCBuildConfiguration section */

/* Begin XCConfigurationList section */
		ADD569AC288EF0F1005627C7 /* Build configuration list for PBXProject "HW23" */ = {
			isa = XCConfigurationList;
			buildConfigurations = (
				ADD569C3288EF0F2005627C7 /* Debug */,
				ADD569C4288EF0F2005627C7 /* Release */,
			);
			defaultConfigurationIsVisible = 0;
			defaultConfigurationName = Release;
		};
		ADD569C5288EF0F2005627C7 /* Build configuration list for PBXNativeTarget "HW23" */ = {
			isa = XCConfigurationList;
			buildConfigurations = (
				ADD569C6288EF0F2005627C7 /* Debug */,
				ADD569C7288EF0F2005627C7 /* Release */,
			);
			defaultConfigurationIsVisible = 0;
			defaultConfigurationName = Release;
		};
/* End XCConfigurationList section */
	};
	rootObject = ADD569A9288EF0F1005627C7 /* Project object */;
}
